
Microsoft Visual Studio Solution File, Format Version 12.00
# Visual Studio Version 17
VisualStudioVersion = 17.3.32901.215
MinimumVisualStudioVersion = 10.0.40219.1
Project("{9A19103F-16F7-4668-BE54-9A1E7A4F7556}") = "WeatherApp", "WeatherApp.csproj", "{B77D5E16-9355-4D3F-937B-020A8C84EA14}"
EndProject
Project("{FAE04EC0-301F-11D3-BF4B-00C04F79EFBC}") = "TestProject", "..\TestProject\TestProject.csproj", "{DA3CCECE-9464-425C-86B4-A3A4943A7799}"
EndProject
Global
	GlobalSection(SolutionConfigurationPlatforms) = preSolution
		Debug|Any CPU = Debug|Any CPU
		Release|Any CPU = Release|Any CPU
	EndGlobalSection
	GlobalSection(ProjectConfigurationPlatforms) = postSolution
		{B77D5E16-9355-4D3F-937B-020A8C84EA14}.Debug|Any CPU.ActiveCfg = Debug|Any CPU
		{B77D5E16-9355-4D3F-937B-020A8C84EA14}.Debug|Any CPU.Build.0 = Debug|Any CPU
		{B77D5E16-9355-4D3F-937B-020A8C84EA14}.Release|Any CPU.ActiveCfg = Release|Any CPU
		{B77D5E16-9355-4D3F-937B-020A8C84EA14}.Release|Any CPU.Build.0 = Release|Any CPU
		{DA3CCECE-9464-425C-86B4-A3A4943A7799}.Debug|Any CPU.ActiveCfg = Debug|Any CPU
		{DA3CCECE-9464-425C-86B4-A3A4943A7799}.Debug|Any CPU.Build.0 = Debug|Any CPU
		{DA3CCECE-9464-425C-86B4-A3A4943A7799}.Release|Any CPU.ActiveCfg = Release|Any CPU
		{DA3CCECE-9464-425C-86B4-A3A4943A7799}.Release|Any CPU.Build.0 = Release|Any CPU
	EndGlobalSection
	GlobalSection(SolutionProperties) = preSolution
		HideSolutionNode = FALSE
	EndGlobalSection
	GlobalSection(ExtensibilityGlobals) = postSolution
		SolutionGuid = {01BFFC93-CECE-4304-AB9E-1A4A858843F1}
	EndGlobalSection
EndGlobal
